<?xml version="1.0" encoding="utf-8"?>
<Project ToolsVersion="4.0" xmlns="http://schemas.microsoft.com/developer/msbuild/2003">
  <ItemGroup>
    <Filter Include="Source Files">
      <UniqueIdentifier>{4FC737F1-C7A5-4376-A066-2A32D752A2FF}</UniqueIdentifier>
      <Extensions>cpp;c;cc;cxx;c++;cppm;ixx;def;odl;idl;hpj;bat;asm;asmx</Extensions>
    </Filter>
    <Filter Include="Header Files">
      <UniqueIdentifier>{93995380-89BD-4b04-88EB-625FBE52EBFB}</UniqueIdentifier>
      <Extensions>h;hh;hpp;hxx;h++;hm;inl;inc;ipp;xsd</Extensions>
    </Filter>
    <Filter Include="Resource Files">
      <UniqueIdentifier>{67DA6AB6-F800-4c08-8B7A-83BB121AAD01}</UniqueIdentifier>
      <Extensions>rc;ico;cur;bmp;dlg;rc2;rct;bin;rgs;gif;jpg;jpeg;jpe;resx;tiff;tif;png;wav;mfcribbon-ms</Extensions>
    </Filter>
    <Filter Include="Header Files\ListHeaders">
      <UniqueIdentifier>{c92a5044-2686-42b4-a5b1-d1cc04068e5e}</UniqueIdentifier>
    </Filter>
    <Filter Include="Header Files\NodeHeaders">
      <UniqueIdentifier>{1bddd37e-ef9c-4b1d-9c47-79e038ee4324}</UniqueIdentifier>
    </Filter>
    <Filter Include="Header Files\StackHeaders">
      <UniqueIdentifier>{2c9e3896-0307-4f7d-b8b1-3a665a29fd56}</UniqueIdentifier>
    </Filter>
    <Filter Include="Header Files\QueueHeaders">
      <UniqueIdentifier>{ee29c124-ddb6-4fff-89e8-93b07c974d84}</UniqueIdentifier>
    </Filter>
  </ItemGroup>
  <ItemGroup>
    <ClCompile Include="Main.cpp">
      <Filter>Source Files</Filter>
    </ClCompile>
  </ItemGroup>
  <ItemGroup>
    <ClInclude Include="ListBase.h">
      <Filter>Header Files\ListHeaders</Filter>
    </ClInclude>
    <ClInclude Include="ListArray.h">
      <Filter>Header Files\ListHeaders</Filter>
    </ClInclude>
    <ClInclude Include="LinkedList.h">
      <Filter>Header Files\ListHeaders</Filter>
    </ClInclude>
    <ClInclude Include="NodeBase.h">
      <Filter>Header Files\NodeHeaders</Filter>
    </ClInclude>
    <ClInclude Include="StackBase.h">
      <Filter>Header Files\StackHeaders</Filter>
    </ClInclude>
    <ClInclude Include="StackArray.h">
      <Filter>Header Files\StackHeaders</Filter>
    </ClInclude>
    <ClInclude Include="StackLinked.h">
      <Filter>Header Files\StackHeaders</Filter>
    </ClInclude>
    <ClInclude Include="QueueBase.h">
      <Filter>Header Files\QueueHeaders</Filter>
    </ClInclude>
    <ClInclude Include="QueueArray.h">
      <Filter>Header Files\QueueHeaders</Filter>
    </ClInclude>
    <ClInclude Include="QueueLinked.h">
      <Filter>Header Files\QueueHeaders</Filter>
    </ClInclude>
  </ItemGroup>
</Project>